// !$*UTF8*$!
{
	archiveVersion = 1;
	classes = {
	};
	objectVersion = 46;
	objects = {

/* Begin PBXBuildFile section */
		157C07F01B1AB8EB0063C8BE /* AppDelegate.swift in Sources */ = {isa = PBXBuildFile; fileRef = 157C07EF1B1AB8EB0063C8BE /* AppDelegate.swift */; };
		157C07F31B1AB8EB0063C8BE /* CoreDataDemo.xcdatamodeld in Sources */ = {isa = PBXBuildFile; fileRef = 157C07F11B1AB8EB0063C8BE /* CoreDataDemo.xcdatamodeld */; };
		157C07F51B1AB8EB0063C8BE /* ViewController.swift in Sources */ = {isa = PBXBuildFile; fileRef = 157C07F41B1AB8EB0063C8BE /* ViewController.swift */; };
		157C07F81B1AB8EC0063C8BE /* Main.storyboard in Resources */ = {isa = PBXBuildFile; fileRef = 157C07F61B1AB8EC0063C8BE /* Main.storyboard */; };
		157C07FA1B1AB8EC0063C8BE /* Images.xcassets in Resources */ = {isa = PBXBuildFile; fileRef = 157C07F91B1AB8EC0063C8BE /* Images.xcassets */; };
		157C07FD1B1AB8EC0063C8BE /* LaunchScreen.xib in Resources */ = {isa = PBXBuildFile; fileRef = 157C07FB1B1AB8EC0063C8BE /* LaunchScreen.xib */; };
		157C08091B1AB8EC0063C8BE /* CoreDataDemoTests.swift in Sources */ = {isa = PBXBuildFile; fileRef = 157C08081B1AB8EC0063C8BE /* CoreDataDemoTests.swift */; };
/* End PBXBuildFile section */

/* Begin PBXContainerItemProxy section */
		157C08031B1AB8EC0063C8BE /* PBXContainerItemProxy */ = {
			isa = PBXContainerItemProxy;
			containerPortal = 157C07E21B1AB8EB0063C8BE /* Project object */;
			proxyType = 1;
			remoteGlobalIDString = 157C07E91B1AB8EB0063C8BE;
			remoteInfo = CoreDataDemo;
		};
/* End PBXContainerItemProxy section */

/* Begin PBXFileReference section */
		157C07EA1B1AB8EB0063C8BE /* CoreDataDemo.app */ = {isa = PBXFileReference; explicitFileType = wrapper.application; includeInIndex = 0; path = CoreDataDemo.app; sourceTree = BUILT_PRODUCTS_DIR; };
		157C07EE1B1AB8EB0063C8BE /* Info.plist */ = {isa = PBXFileReference; lastKnownFileType = text.plist.xml; path = Info.plist; sourceTree = "<group>"; };
		157C07EF1B1AB8EB0063C8BE /* AppDelegate.swift */ = {isa = PBXFileReference; lastKnownFileType = sourcecode.swift; path = AppDelegate.swift; sourceTree = "<group>"; };
		157C07F21B1AB8EB0063C8BE /* CoreDataDemo.xcdatamodel */ = {isa = PBXFileReference; lastKnownFileType = wrapper.xcdatamodel; path = CoreDataDemo.xcdatamodel; sourceTree = "<group>"; };
		157C07F41B1AB8EB0063C8BE /* ViewController.swift */ = {isa = PBXFileReference; lastKnownFileType = sourcecode.swift; path = ViewController.swift; sourceTree = "<group>"; };
		157C07F71B1AB8EC0063C8BE /* Base */ = {isa = PBXFileReference; lastKnownFileType = file.storyboard; name = Base; path = Base.lproj/Main.storyboard; sourceTree = "<group>"; };
		157C07F91B1AB8EC0063C8BE /* Images.xcassets */ = {isa = PBXFileReference; lastKnownFileType = folder.assetcatalog; path = Images.xcassets; sourceTree = "<group>"; };
		157C07FC1B1AB8EC0063C8BE /* Base */ = {isa = PBXFileReference; lastKnownFileType = file.xib; name = Base; path = Base.lproj/LaunchScreen.xib; sourceTree = "<group>"; };
		157C08021B1AB8EC0063C8BE /* CoreDataDemoTests.xctest */ = {isa = PBXFileReference; explicitFileType = wrapper.cfbundle; includeInIndex = 0; path = CoreDataDemoTests.xctest; sourceTree = BUILT_PRODUCTS_DIR; };
		157C08071B1AB8EC0063C8BE /* Info.plist */ = {isa = PBXFileReference; lastKnownFileType = text.plist.xml; path = Info.plist; sourceTree = "<group>"; };
		157C08081B1AB8EC0063C8BE /* CoreDataDemoTests.swift */ = {isa = PBXFileReference; lastKnownFileType = sourcecode.swift; path = CoreDataDemoTests.swift; sourceTree = "<group>"; };
/* End PBXFileReference section */

/* Begin PBXFrameworksBuildPhase section */
		157C07E71B1AB8EB0063C8BE /* Frameworks */ = {
			isa = PBXFrameworksBuildPhase;
			buildActionMask = 2147483647;
			files = (
			);
			runOnlyForDeploymentPostprocessing = 0;
		};
		157C07FF1B1AB8EC0063C8BE /* Frameworks */ = {
			isa = PBXFrameworksBuildPhase;
			buildActionMask = 2147483647;
			files = (
			);
			runOnlyForDeploymentPostprocessing = 0;
		};
/* End PBXFrameworksBuildPhase section */

/* Begin PBXGroup section */
		157C07E11B1AB8EB0063C8BE = {
			isa = PBXGroup;
			children = (
				157C07EC1B1AB8EB0063C8BE /* CoreDataDemo */,
				157C08051B1AB8EC0063C8BE /* CoreDataDemoTests */,
				157C07EB1B1AB8EB0063C8BE /* Products */,
			);
			sourceTree = "<group>";
		};
		157C07EB1B1AB8EB0063C8BE /* Products */ = {
			isa = PBXGroup;
			children = (
				157C07EA1B1AB8EB0063C8BE /* CoreDataDemo.app */,
				157C08021B1AB8EC0063C8BE /* CoreDataDemoTests.xctest */,
			);
			name = Products;
			sourceTree = "<group>";
		};
		157C07EC1B1AB8EB0063C8BE /* CoreDataDemo */ = {
			isa = PBXGroup;
			children = (
				157C07EF1B1AB8EB0063C8BE /* AppDelegate.swift */,
				157C07F41B1AB8EB0063C8BE /* ViewController.swift */,
				157C07F61B1AB8EC0063C8BE /* Main.storyboard */,
				157C07F91B1AB8EC0063C8BE /* Images.xcassets */,
				157C07FB1B1AB8EC0063C8BE /* LaunchScreen.xib */,
				157C07F11B1AB8EB0063C8BE /* CoreDataDemo.xcdatamodeld */,
				157C07ED1B1AB8EB0063C8BE /* Supporting Files */,
			);
			path = CoreDataDemo;
			sourceTree = "<group>";
		};
		157C07ED1B1AB8EB0063C8BE /* Supporting Files */ = {
			isa = PBXGroup;
			children = (
				157C07EE1B1AB8EB0063C8BE /* Info.plist */,
			);
			name = "Supporting Files";
			sourceTree = "<group>";
		};
		157C08051B1AB8EC0063C8BE /* CoreDataDemoTests */ = {
			isa = PBXGroup;
			children = (
				157C08081B1AB8EC0063C8BE /* CoreDataDemoTests.swift */,
				157C08061B1AB8EC0063C8BE /* Supporting Files */,
			);
			path = CoreDataDemoTests;
			sourceTree = "<group>";
		};
		157C08061B1AB8EC0063C8BE /* Supporting Files */ = {
			isa = PBXGroup;
			children = (
				157C08071B1AB8EC0063C8BE /* Info.plist */,
			);
			name = "Supporting Files";
			sourceTree = "<group>";
		};
/* End PBXGroup section */

/* Begin PBXNativeTarget section */
		157C07E91B1AB8EB0063C8BE /* CoreDataDemo */ = {
			isa = PBXNativeTarget;
			buildConfigurationList = 157C080C1B1AB8EC0063C8BE /* Build configuration list for PBXNativeTarget "CoreDataDemo" */;
			buildPhases = (
				157C07E61B1AB8EB0063C8BE /* Sources */,
				157C07E71B1AB8EB0063C8BE /* Frameworks */,
				157C07E81B1AB8EB0063C8BE /* Resources */,
			);
			buildRules = (
			);
			dependencies = (
			);
			name = CoreDataDemo;
			productName = CoreDataDemo;
			productReference = 157C07EA1B1AB8EB0063C8BE /* CoreDataDemo.app */;
			productType = "com.apple.product-type.application";
		};
		157C08011B1AB8EC0063C8BE /* CoreDataDemoTests */ = {
			isa = PBXNativeTarget;
			buildConfigurationList = 157C080F1B1AB8EC0063C8BE /* Build configuration list for PBXNativeTarget "CoreDataDemoTests" */;
			buildPhases = (
				157C07FE1B1AB8EC0063C8BE /* Sources */,
				157C07FF1B1AB8EC0063C8BE /* Frameworks */,
				157C08001B1AB8EC0063C8BE /* Resources */,
			);
			buildRules = (
			);
			dependencies = (
				157C08041B1AB8EC0063C8BE /* PBXTargetDependency */,
			);
			name = CoreDataDemoTests;
			productName = CoreDataDemoTests;
			productReference = 157C08021B1AB8EC0063C8BE /* CoreDataDemoTests.xctest */;
			productType = "com.apple.product-type.bundle.unit-test";
		};
/* End PBXNativeTarget section */

/* Begin PBXProject section */
		157C07E21B1AB8EB0063C8BE /* Project object */ = {
			isa = PBXProject;
			attributes = {
				LastUpgradeCheck = 0630;
				ORGANIZATIONNAME = "Chad Duffey";
				TargetAttributes = {
					157C07E91B1AB8EB0063C8BE = {
						CreatedOnToolsVersion = 6.3.2;
					};
					157C08011B1AB8EC0063C8BE = {
						CreatedOnToolsVersion = 6.3.2;
						TestTargetID = 157C07E91B1AB8EB0063C8BE;
					};
				};
			};
			buildConfigurationList = 157C07E51B1AB8EB0063C8BE /* Build configuration list for PBXProject "CoreDataDemo" */;
			compatibilityVersion = "Xcode 3.2";
			developmentRegion = English;
			hasScannedForEncodings = 0;
			knownRegions = (
				en,
				Base,
			);
			mainGroup = 157C07E11B1AB8EB0063C8BE;
			productRefGroup = 157C07EB1B1AB8EB0063C8BE /* Products */;
			projectDirPath = "";
			projectRoot = "";
			targets = (
				157C07E91B1AB8EB0063C8BE /* CoreDataDemo */,
				157C08011B1AB8EC0063C8BE /* CoreDataDemoTests */,
			);
		};
/* End PBXProject section */

/* Begin PBXResourcesBuildPhase section */
		157C07E81B1AB8EB0063C8BE /* Resources */ = {
			isa = PBXResourcesBuildPhase;
			buildActionMask = 2147483647;
			files = (
				157C07F81B1AB8EC0063C8BE /* Main.storyboard in Resources */,
				157C07FD1B1AB8EC0063C8BE /* LaunchScreen.xib in Resources */,
				157C07FA1B1AB8EC0063C8BE /* Images.xcassets in Resources */,
			);
			runOnlyForDeploymentPostprocessing = 0;
		};
		157C08001B1AB8EC0063C8BE /* Resources */ = {
			isa = PBXResourcesBuildPhase;
			buildActionMask = 2147483647;
			files = (
			);
			runOnlyForDeploymentPostprocessing = 0;
		};
/* End PBXResourcesBuildPhase section */

/* Begin PBXSourcesBuildPhase section */
		157C07E61B1AB8EB0063C8BE /* Sources */ = {
			isa = PBXSourcesBuildPhase;
			buildActionMask = 2147483647;
			files = (
				157C07F51B1AB8EB0063C8BE /* ViewController.swift in Sources */,
				157C07F01B1AB8EB0063C8BE /* AppDelegate.swift in Sources */,
				157C07F31B1AB8EB0063C8BE /* CoreDataDemo.xcdatamodeld in Sources */,
			);
			runOnlyForDeploymentPostprocessing = 0;
		};
		157C07FE1B1AB8EC0063C8BE /* Sources */ = {
			isa = PBXSourcesBuildPhase;
			buildActionMask = 2147483647;
			files = (
				157C08091B1AB8EC0063C8BE /* CoreDataDemoTests.swift in Sources */,
			);
			runOnlyForDeploymentPostprocessing = 0;
		};
/* End PBXSourcesBuildPhase section */

/* Begin PBXTargetDependency section */
		157C08041B1AB8EC0063C8BE /* PBXTargetDependency */ = {
			isa = PBXTargetDependency;
			target = 157C07E91B1AB8EB0063C8BE /* CoreDataDemo */;
			targetProxy = 157C08031B1AB8EC0063C8BE /* PBXContainerItemProxy */;
		};
/* End PBXTargetDependency section */

/* Begin PBXVariantGroup section */
		157C07F61B1AB8EC0063C8BE /* Main.storyboard */ = {
			isa = PBXVariantGroup;
			children = (
				157C07F71B1AB8EC0063C8BE /* Base */,
			);
			name = Main.storyboard;
			sourceTree = "<group>";
		};
		157C07FB1B1AB8EC0063C8BE /* LaunchScreen.xib */ = {
			isa = PBXVariantGroup;
			children = (
				157C07FC1B1AB8EC0063C8BE /* Base */,
			);
			name = LaunchScreen.xib;
			sourceTree = "<group>";
		};
/* End PBXVariantGroup section */

/* Begin XCBuildConfiguration section */
		157C080A1B1AB8EC0063C8BE /* Debug */ = {
			isa = XCBuildConfiguration;
			buildSettings = {
				ALWAYS_SEARCH_USER_PATHS = NO;
				CLANG_CXX_LANGUAGE_STANDARD = "gnu++0x";
				CLANG_CXX_LIBRARY = "libc++";
				CLANG_ENABLE_MODULES = YES;
				CLANG_ENABLE_OBJC_ARC = YES;
				CLANG_WARN_BOOL_CONVERSION = YES;
				CLANG_WARN_CONSTANT_CONVERSION = YES;
				CLANG_WARN_DIRECT_OBJC_ISA_USAGE = YES_ERROR;
				CLANG_WARN_EMPTY_BODY = YES;
				CLANG_WARN_ENUM_CONVERSION = YES;
				CLANG_WARN_INT_CONVERSION = YES;
				CLANG_WARN_OBJC_ROOT_CLASS = YES_ERROR;
				CLANG_WARN_UNREACHABLE_CODE = YES;
				CLANG_WARN__DUPLICATE_METHOD_MATCH = YES;
				"CODE_SIGN_IDENTITY[sdk=iphoneos*]" = "iPhone Developer";
				COPY_PHASE_STRIP = NO;
				DEBUG_INFORMATION_FORMAT = "dwarf-with-dsym";
				ENABLE_STRICT_OBJC_MSGSEND = YES;
				GCC_C_LANGUAGE_STANDARD = gnu99;
				GCC_DYNAMIC_NO_PIC = NO;
				GCC_NO_COMMON_BLOCKS = YES;
				GCC_OPTIMIZATION_LEVEL = 0;
				GCC_PREPROCESSOR_DEFINITIONS = (
					"DEBUG=1",
					"$(inherited)",
				);
				GCC_SYMBOLS_PRIVATE_EXTERN = NO;
				GCC_WARN_64_TO_32_BIT_CONVERSION = YES;
				GCC_WARN_ABOUT_RETURN_TYPE = YES_ERROR;
				GCC_WARN_UNDECLARED_SELECTOR = YES;
				GCC_WARN_UNINITIALIZED_AUTOS = YES_AGGRESSIVE;
				GCC_WARN_UNUSED_FUNCTION = YES;
				GCC_WARN_UNUSED_VARIABLE = YES;
				IPHONEOS_DEPLOYMENT_TARGET = 8.3;
				MTL_ENABLE_DEBUG_INFO = YES;
				ONLY_ACTIVE_ARCH = YES;
				SDKROOT = iphoneos;
				SWIFT_OPTIMIZATION_LEVEL = "-Onone";
			};
			name = Debug;
		};
		157C080B1B1AB8EC0063C8BE /* Release */ = {
			isa = XCBuildConfiguration;
			buildSettings = {
				ALWAYS_SEARCH_USER_PATHS = NO;
				CLANG_CXX_LANGUAGE_STANDARD = "gnu++0x";
				CLANG_CXX_LIBRARY = "libc++";
				CLANG_ENABLE_MODULES = YES;
				CLANG_ENABLE_OBJC_ARC = YES;
				CLANG_WARN_BOOL_CONVERSION = YES;
				CLANG_WARN_CONSTANT_CONVERSION = YES;
				CLANG_WARN_DIRECT_OBJC_ISA_USAGE = YES_ERROR;
				CLANG_WARN_EMPTY_BODY = YES;
				CLANG_WARN_ENUM_CONVERSION = YES;
				CLANG_WARN_INT_CONVERSION = YES;
				CLANG_WARN_OBJC_ROOT_CLASS = YES_ERROR;
				CLANG_WARN_UNREACHABLE_CODE = YES;
				CLANG_WARN__DUPLICATE_METHOD_MATCH = YES;
				"CODE_SIGN_IDENTITY[sdk=iphoneos*]" = "iPhone Developer";
				COPY_PHASE_STRIP = NO;
				DEBUG_INFORMATION_FORMAT = "dwarf-with-dsym";
				ENABLE_NS_ASSERTIONS = NO;
				ENABLE_STRICT_OBJC_MSGSEND = YES;
				GCC_C_LANGUAGE_STANDARD = gnu99;
				GCC_NO_COMMON_BLOCKS = YES;
				GCC_WARN_64_TO_32_BIT_CONVERSION = YES;
				GCC_WARN_ABOUT_RETURN_TYPE = YES_ERROR;
				GCC_WARN_UNDECLARED_SELECTOR = YES;
				GCC_WARN_UNINITIALIZED_AUTOS = YES_AGGRESSIVE;
				GCC_WARN_UNUSED_FUNCTION = YES;
				GCC_WARN_UNUSED_VARIABLE = YES;
				IPHONEOS_DEPLOYMENT_TARGET = 8.3;
				MTL_ENABLE_DEBUG_INFO = NO;
				SDKROOT = iphoneos;
				VALIDATE_PRODUCT = YES;
			};
			name = Release;
		};
		157C080D1B1AB8EC0063C8BE /* Debug */ = {
			isa = XCBuildConfiguration;
			buildSettings = {
				ASSETCATALOG_COMPILER_APPICON_NAME = AppIcon;
				INFOPLIST_FILE = CoreDataDemo/Info.plist;
				LD_RUNPATH_SEARCH_PATHS = "$(inherited) @executable_path/Frameworks";
				PRODUCT_NAME = "$(TARGET_NAME)";
			};
			name = Debug;
		};
		157C080E1B1AB8EC0063C8BE /* Release */ = {
			isa = XCBuildConfiguration;
			buildSettings = {
				ASSETCATALOG_COMPILER_APPICON_NAME = AppIcon;
				INFOPLIST_FILE = CoreDataDemo/Info.plist;
				LD_RUNPATH_SEARCH_PATHS = "$(inherited) @executable_path/Frameworks";
				PRODUCT_NAME = "$(TARGET_NAME)";
			};
			name = Release;
		};
		157C08101B1AB8EC0063C8BE /* Debug */ = {
			isa = XCBuildConfiguration;
			buildSettings = {
				BUNDLE_LOADER = "$(TEST_HOST)";
				FRAMEWORK_SEARCH_PATHS = (
					"$(SDKROOT)/Developer/Library/Frameworks",
					"$(inherited)",
				);
				GCC_PREPROCESSOR_DEFINITIONS = (
					"DEBUG=1",
					"$(inherited)",
				);
				INFOPLIST_FILE = CoreDataDemoTests/Info.plist;
				LD_RUNPATH_SEARCH_PATHS = "$(inherited) @executable_path/Frameworks @loader_path/Frameworks";
				PRODUCT_NAME = "$(TARGET_NAME)";
				TEST_HOST = "$(BUILT_PRODUCTS_DIR)/CoreDataDemo.app/CoreDataDemo";
			};
			name = Debug;
		};
		157C08111B1AB8EC0063C8BE /* Release */ = {
			isa = XCBuildConfiguration;
			buildSettings = {
				BUNDLE_LOADER = "$(TEST_HOST)";
				FRAMEWORK_SEARCH_PATHS = (
					"$(SDKROOT)/Developer/Library/Frameworks",
					"$(inherited)",
				);
				INFOPLIST_FILE = CoreDataDemoTests/Info.plist;
				LD_RUNPATH_SEARCH_PATHS = "$(inherited) @executable_path/Frameworks @loader_path/Frameworks";
				PRODUCT_NAME = "$(TARGET_NAME)";
				TEST_HOST = "$(BUILT_PRODUCTS_DIR)/CoreDataDemo.app/CoreDataDemo";
			};
			name = Release;
		};
/* End XCBuildConfiguration section */

/* Begin XCConfigurationList section */
		157C07E51B1AB8EB0063C8BE /* Build configuration list for PBXProject "CoreDataDemo" */ = {
			isa = XCConfigurationList;
			buildConfigurations = (
				157C080A1B1AB8EC0063C8BE /* Debug */,
				157C080B1B1AB8EC0063C8BE /* Release */,
			);
			defaultConfigurationIsVisible = 0;
			defaultConfigurationName = Release;
		};
		157C080C1B1AB8EC0063C8BE /* Build configuration list for PBXNativeTarget "CoreDataDemo" */ = {
			isa = XCConfigurationList;
			buildConfigurations = (
				157C080D1B1AB8EC0063C8BE /* Debug */,
				157C080E1B1AB8EC0063C8BE /* Release */,
			);
			defaultConfigurationIsVisible = 0;
		};
		157C080F1B1AB8EC0063C8BE /* Build configuration list for PBXNativeTarget "CoreDataDemoTests" */ = {
			isa = XCConfigurationList;
			buildConfigurations = (
				157C08101B1AB8EC0063C8BE /* Debug */,
				157C08111B1AB8EC0063C8BE /* Release */,
			);
			defaultConfigurationIsVisible = 0;
		};
/* End XCConfigurationList section */

/* Begin XCVersionGroup section */
		157C07F11B1AB8EB0063C8BE /* CoreDataDemo.xcdatamodeld */ = {
			isa = XCVersionGroup;
			children = (
				157C07F21B1AB8EB0063C8BE /* CoreDataDemo.xcdatamodel */,
			);
			currentVersion = 157C07F21B1AB8EB0063C8BE /* CoreDataDemo.xcdatamodel */;
			path = CoreDataDemo.xcdatamodeld;
			sourceTree = "<group>";
			versionGroupType = wrapper.xcdatamodel;
		};
/* End XCVersionGroup section */
	};
	rootObject = 157C07E21B1AB8EB0063C8BE /* Project object */;
}
